
Microsoft Visual Studio Solution File, Format Version 12.00
# Visual Studio Version 17
VisualStudioVersion = 17.14.36616.10 d17.14
MinimumVisualStudioVersion = 10.0.40219.1
Project("{FAE04EC0-301F-11D3-BF4B-00C04F79EFBC}") = "TravelEF", "TravelEF\TravelEF.csproj", "{CC27B59B-A1A4-4FF4-9DEC-0BCE5DFEE9C0}"
EndProject
Global
	GlobalSection(SolutionConfigurationPlatforms) = preSolution
		Debug|Any CPU = Debug|Any CPU
		Release|Any CPU = Release|Any CPU
	EndGlobalSection
	GlobalSection(ProjectConfigurationPlatforms) = postSolution
		{CC27B59B-A1A4-4FF4-9DEC-0BCE5DFEE9C0}.Debug|Any CPU.ActiveCfg = Debug|Any CPU
		{CC27B59B-A1A4-4FF4-9DEC-0BCE5DFEE9C0}.Debug|Any CPU.Build.0 = Debug|Any CPU
		{CC27B59B-A1A4-4FF4-9DEC-0BCE5DFEE9C0}.Release|Any CPU.ActiveCfg = Release|Any CPU
		{CC27B59B-A1A4-4FF4-9DEC-0BCE5DFEE9C0}.Release|Any CPU.Build.0 = Release|Any CPU
	EndGlobalSection
	GlobalSection(SolutionProperties) = preSolution
		HideSolutionNode = FALSE
	EndGlobalSection
	GlobalSection(ExtensibilityGlobals) = postSolution
		SolutionGuid = {B06F91D6-A554-4B18-AEFD-5312F4657E23}
	EndGlobalSection
EndGlobal
